
Microsoft Visual Studio Solution File, Format Version 12.00
# Visual Studio Version 16
VisualStudioVersion = 16.0.32510.428
MinimumVisualStudioVersion = 10.0.40219.1
Project("{FAE04EC0-301F-11D3-BF4B-00C04F79EFBC}") = "C868 Performance Assessment", "C868 Performance Assessment\C868 Performance Assessment.csproj", "{C4C1DE2F-031D-4C80-8B44-23BCF1CA7AAD}"
EndProject
Project("{FAE04EC0-301F-11D3-BF4B-00C04F79EFBC}") = "C868 Performance AssessmentTests", "C868 Performance AssessmentTests\C868 Performance AssessmentTests.csproj", "{5A75F864-9B1C-4908-8DED-D8D7620EFEAD}"
EndProject
Global
	GlobalSection(SolutionConfigurationPlatforms) = preSolution
		Debug|Any CPU = Debug|Any CPU
		Release|Any CPU = Release|Any CPU
	EndGlobalSection
	GlobalSection(ProjectConfigurationPlatforms) = postSolution
		{C4C1DE2F-031D-4C80-8B44-23BCF1CA7AAD}.Debug|Any CPU.ActiveCfg = Debug|Any CPU
		{C4C1DE2F-031D-4C80-8B44-23BCF1CA7AAD}.Debug|Any CPU.Build.0 = Debug|Any CPU
		{C4C1DE2F-031D-4C80-8B44-23BCF1CA7AAD}.Release|Any CPU.ActiveCfg = Release|Any CPU
		{C4C1DE2F-031D-4C80-8B44-23BCF1CA7AAD}.Release|Any CPU.Build.0 = Release|Any CPU
		{5A75F864-9B1C-4908-8DED-D8D7620EFEAD}.Debug|Any CPU.ActiveCfg = Debug|Any CPU
		{5A75F864-9B1C-4908-8DED-D8D7620EFEAD}.Debug|Any CPU.Build.0 = Debug|Any CPU
		{5A75F864-9B1C-4908-8DED-D8D7620EFEAD}.Release|Any CPU.ActiveCfg = Release|Any CPU
		{5A75F864-9B1C-4908-8DED-D8D7620EFEAD}.Release|Any CPU.Build.0 = Release|Any CPU
	EndGlobalSection
	GlobalSection(SolutionProperties) = preSolution
		HideSolutionNode = FALSE
	EndGlobalSection
	GlobalSection(ExtensibilityGlobals) = postSolution
		SolutionGuid = {59398E15-137A-4D1C-8166-015AEF3F4E01}
	EndGlobalSection
EndGlobal
